// !$*UTF8*$!
{
	archiveVersion = 1;
	classes = {
	};
	objectVersion = 50;
	objects = {

/* Begin PBXBuildFile section */
		447EA8E4244500BA0039D846 /* AppDelegate.swift in Sources */ = {isa = PBXBuildFile; fileRef = 447EA8E3244500BA0039D846 /* AppDelegate.swift */; };
		447EA8E6244500BA0039D846 /* ContentView.swift in Sources */ = {isa = PBXBuildFile; fileRef = 447EA8E5244500BA0039D846 /* ContentView.swift */; };
		447EA8E8244500BC0039D846 /* Assets.xcassets in Resources */ = {isa = PBXBuildFile; fileRef = 447EA8E7244500BC0039D846 /* Assets.xcassets */; };
		447EA8EB244500BC0039D846 /* Preview Assets.xcassets in Resources */ = {isa = PBXBuildFile; fileRef = 447EA8EA244500BC0039D846 /* Preview Assets.xcassets */; };
		447EA8EE244500BC0039D846 /* Main.storyboard in Resources */ = {isa = PBXBuildFile; fileRef = 447EA8EC244500BC0039D846 /* Main.storyboard */; };
		447EAA4A244502900039D846 /* qemu in Resources */ = {isa = PBXBuildFile; fileRef = 447EAA49244502900039D846 /* qemu */; };
		447EAA4C24452C4A0039D846 /* ImageLayer.swift in Sources */ = {isa = PBXBuildFile; fileRef = 447EAA4B24452C4A0039D846 /* ImageLayer.swift */; };
		447EAA4F2445422B0039D846 /* ImageSizeSlider.swift in Sources */ = {isa = PBXBuildFile; fileRef = 447EAA4E2445422B0039D846 /* ImageSizeSlider.swift */; };
/* End PBXBuildFile section */

/* Begin PBXFileReference section */
		447EA8E0244500BA0039D846 /* qemui.app */ = {isa = PBXFileReference; explicitFileType = wrapper.application; includeInIndex = 0; path = qemui.app; sourceTree = BUILT_PRODUCTS_DIR; };
		447EA8E3244500BA0039D846 /* AppDelegate.swift */ = {isa = PBXFileReference; lastKnownFileType = sourcecode.swift; path = AppDelegate.swift; sourceTree = "<group>"; };
		447EA8E5244500BA0039D846 /* ContentView.swift */ = {isa = PBXFileReference; lastKnownFileType = sourcecode.swift; path = ContentView.swift; sourceTree = "<group>"; };
		447EA8E7244500BC0039D846 /* Assets.xcassets */ = {isa = PBXFileReference; lastKnownFileType = folder.assetcatalog; path = Assets.xcassets; sourceTree = "<group>"; };
		447EA8EA244500BC0039D846 /* Preview Assets.xcassets */ = {isa = PBXFileReference; lastKnownFileType = folder.assetcatalog; path = "Preview Assets.xcassets"; sourceTree = "<group>"; };
		447EA8ED244500BC0039D846 /* Base */ = {isa = PBXFileReference; lastKnownFileType = file.storyboard; name = Base; path = Base.lproj/Main.storyboard; sourceTree = "<group>"; };
		447EA8EF244500BC0039D846 /* Info.plist */ = {isa = PBXFileReference; lastKnownFileType = text.plist.xml; path = Info.plist; sourceTree = "<group>"; };
		447EA8F0244500BC0039D846 /* qemui.entitlements */ = {isa = PBXFileReference; lastKnownFileType = text.plist.entitlements; path = qemui.entitlements; sourceTree = "<group>"; };
		447EAA49244502900039D846 /* qemu */ = {isa = PBXFileReference; lastKnownFileType = folder; path = qemu; sourceTree = "<group>"; };
		447EAA4B24452C4A0039D846 /* ImageLayer.swift */ = {isa = PBXFileReference; lastKnownFileType = sourcecode.swift; path = ImageLayer.swift; sourceTree = "<group>"; };
		447EAA4E2445422B0039D846 /* ImageSizeSlider.swift */ = {isa = PBXFileReference; lastKnownFileType = sourcecode.swift; path = ImageSizeSlider.swift; sourceTree = "<group>"; };
/* End PBXFileReference section */

/* Begin PBXFrameworksBuildPhase section */
		447EA8DD244500BA0039D846 /* Frameworks */ = {
			isa = PBXFrameworksBuildPhase;
			buildActionMask = 2147483647;
			files = (
			);
			runOnlyForDeploymentPostprocessing = 0;
		};
/* End PBXFrameworksBuildPhase section */

/* Begin PBXGroup section */
		447EA8D7244500BA0039D846 = {
			isa = PBXGroup;
			children = (
				447EAA4D24452E6F0039D846 /* Image */,
				447EA8E2244500BA0039D846 /* qemui */,
				447EA8E1244500BA0039D846 /* Products */,
			);
			sourceTree = "<group>";
		};
		447EA8E1244500BA0039D846 /* Products */ = {
			isa = PBXGroup;
			children = (
				447EA8E0244500BA0039D846 /* qemui.app */,
			);
			name = Products;
			sourceTree = "<group>";
		};
		447EA8E2244500BA0039D846 /* qemui */ = {
			isa = PBXGroup;
			children = (
				447EAA49244502900039D846 /* qemu */,
				447EA8E3244500BA0039D846 /* AppDelegate.swift */,
				447EA8E5244500BA0039D846 /* ContentView.swift */,
				447EA8E7244500BC0039D846 /* Assets.xcassets */,
				447EA8EC244500BC0039D846 /* Main.storyboard */,
				447EA8EF244500BC0039D846 /* Info.plist */,
				447EA8F0244500BC0039D846 /* qemui.entitlements */,
				447EA8E9244500BC0039D846 /* Preview Content */,
			);
			path = qemui;
			sourceTree = "<group>";
		};
		447EA8E9244500BC0039D846 /* Preview Content */ = {
			isa = PBXGroup;
			children = (
				447EA8EA244500BC0039D846 /* Preview Assets.xcassets */,
			);
			path = "Preview Content";
			sourceTree = "<group>";
		};
		447EAA4D24452E6F0039D846 /* Image */ = {
			isa = PBXGroup;
			children = (
				447EAA4B24452C4A0039D846 /* ImageLayer.swift */,
				447EAA4E2445422B0039D846 /* ImageSizeSlider.swift */,
			);
			path = Image;
			sourceTree = "<group>";
		};
/* End PBXGroup section */

/* Begin PBXNativeTarget section */
		447EA8DF244500BA0039D846 /* qemui */ = {
			isa = PBXNativeTarget;
			buildConfigurationList = 447EA8F3244500BC0039D846 /* Build configuration list for PBXNativeTarget "qemui" */;
			buildPhases = (
				447EA8DC244500BA0039D846 /* Sources */,
				447EA8DD244500BA0039D846 /* Frameworks */,
				447EA8DE244500BA0039D846 /* Resources */,
			);
			buildRules = (
			);
			dependencies = (
			);
			name = qemui;
			productName = qemui;
			productReference = 447EA8E0244500BA0039D846 /* qemui.app */;
			productType = "com.apple.product-type.application";
		};
/* End PBXNativeTarget section */

/* Begin PBXProject section */
		447EA8D8244500BA0039D846 /* Project object */ = {
			isa = PBXProject;
			attributes = {
				LastSwiftUpdateCheck = 1140;
				LastUpgradeCheck = 1140;
				ORGANIZATIONNAME = "Yigong Wang";
				TargetAttributes = {
					447EA8DF244500BA0039D846 = {
						CreatedOnToolsVersion = 11.4;
					};
				};
			};
			buildConfigurationList = 447EA8DB244500BA0039D846 /* Build configuration list for PBXProject "qemui" */;
			compatibilityVersion = "Xcode 9.3";
			developmentRegion = en;
			hasScannedForEncodings = 0;
			knownRegions = (
				en,
				Base,
			);
			mainGroup = 447EA8D7244500BA0039D846;
			productRefGroup = 447EA8E1244500BA0039D846 /* Products */;
			projectDirPath = "";
			projectRoot = "";
			targets = (
				447EA8DF244500BA0039D846 /* qemui */,
			);
		};
/* End PBXProject section */

/* Begin PBXResourcesBuildPhase section */
		447EA8DE244500BA0039D846 /* Resources */ = {
			isa = PBXResourcesBuildPhase;
			buildActionMask = 2147483647;
			files = (
				447EAA4A244502900039D846 /* qemu in Resources */,
				447EA8EE244500BC0039D846 /* Main.storyboard in Resources */,
				447EA8EB244500BC0039D846 /* Preview Assets.xcassets in Resources */,
				447EA8E8244500BC0039D846 /* Assets.xcassets in Resources */,
			);
			runOnlyForDeploymentPostprocessing = 0;
		};
/* End PBXResourcesBuildPhase section */

/* Begin PBXSourcesBuildPhase section */
		447EA8DC244500BA0039D846 /* Sources */ = {
			isa = PBXSourcesBuildPhase;
			buildActionMask = 2147483647;
			files = (
				447EAA4F2445422B0039D846 /* ImageSizeSlider.swift in Sources */,
				447EA8E6244500BA0039D846 /* ContentView.swift in Sources */,
				447EA8E4244500BA0039D846 /* AppDelegate.swift in Sources */,
				447EAA4C24452C4A0039D846 /* ImageLayer.swift in Sources */,
			);
			runOnlyForDeploymentPostprocessing = 0;
		};
/* End PBXSourcesBuildPhase section */

/* Begin PBXVariantGroup section */
		447EA8EC244500BC0039D846 /* Main.storyboard */ = {
			isa = PBXVariantGroup;
			children = (
				447EA8ED244500BC0039D846 /* Base */,
			);
			name = Main.storyboard;
			sourceTree = "<group>";
		};
/* End PBXVariantGroup section */

/* Begin XCBuildConfiguration section */
		447EA8F1244500BC0039D846 /* Debug */ = {
			isa = XCBuildConfiguration;
			buildSettings = {
				ALWAYS_SEARCH_USER_PATHS = NO;
				CLANG_ANALYZER_NONNULL = YES;
				CLANG_ANALYZER_NUMBER_OBJECT_CONVERSION = YES_AGGRESSIVE;
				CLANG_CXX_LANGUAGE_STANDARD = "gnu++14";
				CLANG_CXX_LIBRARY = "libc++";
				CLANG_ENABLE_MODULES = YES;
				CLANG_ENABLE_OBJC_ARC = YES;
				CLANG_ENABLE_OBJC_WEAK = YES;
				CLANG_WARN_BLOCK_CAPTURE_AUTORELEASING = YES;
				CLANG_WARN_BOOL_CONVERSION = YES;
				CLANG_WARN_COMMA = YES;
				CLANG_WARN_CONSTANT_CONVERSION = YES;
				CLANG_WARN_DEPRECATED_OBJC_IMPLEMENTATIONS = YES;
				CLANG_WARN_DIRECT_OBJC_ISA_USAGE = YES_ERROR;
				CLANG_WARN_DOCUMENTATION_COMMENTS = YES;
				CLANG_WARN_EMPTY_BODY = YES;
				CLANG_WARN_ENUM_CONVERSION = YES;
				CLANG_WARN_INFINITE_RECURSION = YES;
				CLANG_WARN_INT_CONVERSION = YES;
				CLANG_WARN_NON_LITERAL_NULL_CONVERSION = YES;
				CLANG_WARN_OBJC_IMPLICIT_RETAIN_SELF = YES;
				CLANG_WARN_OBJC_LITERAL_CONVERSION = YES;
				CLANG_WARN_OBJC_ROOT_CLASS = YES_ERROR;
				CLANG_WARN_RANGE_LOOP_ANALYSIS = YES;
				CLANG_WARN_STRICT_PROTOTYPES = YES;
				CLANG_WARN_SUSPICIOUS_MOVE = YES;
				CLANG_WARN_UNGUARDED_AVAILABILITY = YES_AGGRESSIVE;
				CLANG_WARN_UNREACHABLE_CODE = YES;
				CLANG_WARN__DUPLICATE_METHOD_MATCH = YES;
				COPY_PHASE_STRIP = NO;
				DEBUG_INFORMATION_FORMAT = dwarf;
				ENABLE_STRICT_OBJC_MSGSEND = YES;
				ENABLE_TESTABILITY = YES;
				GCC_C_LANGUAGE_STANDARD = gnu11;
				GCC_DYNAMIC_NO_PIC = NO;
				GCC_NO_COMMON_BLOCKS = YES;
				GCC_OPTIMIZATION_LEVEL = 0;
				GCC_PREPROCESSOR_DEFINITIONS = (
					"DEBUG=1",
					"$(inherited)",
				);
				GCC_WARN_64_TO_32_BIT_CONVERSION = YES;
				GCC_WARN_ABOUT_RETURN_TYPE = YES_ERROR;
				GCC_WARN_UNDECLARED_SELECTOR = YES;
				GCC_WARN_UNINITIALIZED_AUTOS = YES_AGGRESSIVE;
				GCC_WARN_UNUSED_FUNCTION = YES;
				GCC_WARN_UNUSED_VARIABLE = YES;
				MACOSX_DEPLOYMENT_TARGET = 10.15;
				MTL_ENABLE_DEBUG_INFO = INCLUDE_SOURCE;
				MTL_FAST_MATH = YES;
				ONLY_ACTIVE_ARCH = YES;
				SDKROOT = macosx;
				SWIFT_ACTIVE_COMPILATION_CONDITIONS = DEBUG;
				SWIFT_OPTIMIZATION_LEVEL = "-Onone";
			};
			name = Debug;
		};
		447EA8F2244500BC0039D846 /* Release */ = {
			isa = XCBuildConfiguration;
			buildSettings = {
				ALWAYS_SEARCH_USER_PATHS = NO;
				CLANG_ANALYZER_NONNULL = YES;
				CLANG_ANALYZER_NUMBER_OBJECT_CONVERSION = YES_AGGRESSIVE;
				CLANG_CXX_LANGUAGE_STANDARD = "gnu++14";
				CLANG_CXX_LIBRARY = "libc++";
				CLANG_ENABLE_MODULES = YES;
				CLANG_ENABLE_OBJC_ARC = YES;
				CLANG_ENABLE_OBJC_WEAK = YES;
				CLANG_WARN_BLOCK_CAPTURE_AUTORELEASING = YES;
				CLANG_WARN_BOOL_CONVERSION = YES;
				CLANG_WARN_COMMA = YES;
				CLANG_WARN_CONSTANT_CONVERSION = YES;
				CLANG_WARN_DEPRECATED_OBJC_IMPLEMENTATIONS = YES;
				CLANG_WARN_DIRECT_OBJC_ISA_USAGE = YES_ERROR;
				CLANG_WARN_DOCUMENTATION_COMMENTS = YES;
				CLANG_WARN_EMPTY_BODY = YES;
				CLANG_WARN_ENUM_CONVERSION = YES;
				CLANG_WARN_INFINITE_RECURSION = YES;
				CLANG_WARN_INT_CONVERSION = YES;
				CLANG_WARN_NON_LITERAL_NULL_CONVERSION = YES;
				CLANG_WARN_OBJC_IMPLICIT_RETAIN_SELF = YES;
				CLANG_WARN_OBJC_LITERAL_CONVERSION = YES;
				CLANG_WARN_OBJC_ROOT_CLASS = YES_ERROR;
				CLANG_WARN_RANGE_LOOP_ANALYSIS = YES;
				CLANG_WARN_STRICT_PROTOTYPES = YES;
				CLANG_WARN_SUSPICIOUS_MOVE = YES;
				CLANG_WARN_UNGUARDED_AVAILABILITY = YES_AGGRESSIVE;
				CLANG_WARN_UNREACHABLE_CODE = YES;
				CLANG_WARN__DUPLICATE_METHOD_MATCH = YES;
				COPY_PHASE_STRIP = NO;
				DEBUG_INFORMATION_FORMAT = "dwarf-with-dsym";
				ENABLE_NS_ASSERTIONS = NO;
				ENABLE_STRICT_OBJC_MSGSEND = YES;
				GCC_C_LANGUAGE_STANDARD = gnu11;
				GCC_NO_COMMON_BLOCKS = YES;
				GCC_WARN_64_TO_32_BIT_CONVERSION = YES;
				GCC_WARN_ABOUT_RETURN_TYPE = YES_ERROR;
				GCC_WARN_UNDECLARED_SELECTOR = YES;
				GCC_WARN_UNINITIALIZED_AUTOS = YES_AGGRESSIVE;
				GCC_WARN_UNUSED_FUNCTION = YES;
				GCC_WARN_UNUSED_VARIABLE = YES;
				MACOSX_DEPLOYMENT_TARGET = 10.15;
				MTL_ENABLE_DEBUG_INFO = NO;
				MTL_FAST_MATH = YES;
				SDKROOT = macosx;
				SWIFT_COMPILATION_MODE = wholemodule;
				SWIFT_OPTIMIZATION_LEVEL = "-O";
			};
			name = Release;
		};
		447EA8F4244500BC0039D846 /* Debug */ = {
			isa = XCBuildConfiguration;
			buildSettings = {
				ASSETCATALOG_COMPILER_APPICON_NAME = AppIcon;
				CODE_SIGN_ENTITLEMENTS = qemui/qemui.entitlements;
				CODE_SIGN_STYLE = Automatic;
				COMBINE_HIDPI_IMAGES = YES;
				DEVELOPMENT_ASSET_PATHS = "\"qemui/Preview Content\"";
				ENABLE_PREVIEWS = YES;
				INFOPLIST_FILE = qemui/Info.plist;
				LD_RUNPATH_SEARCH_PATHS = (
					"$(inherited)",
					"@executable_path/../Frameworks",
				);
				MACOSX_DEPLOYMENT_TARGET = 10.15;
				PRODUCT_BUNDLE_IDENTIFIER = org.igorw.qemui;
				PRODUCT_NAME = "$(TARGET_NAME)";
				SWIFT_VERSION = 5.0;
			};
			name = Debug;
		};
		447EA8F5244500BC0039D846 /* Release */ = {
			isa = XCBuildConfiguration;
			buildSettings = {
				ASSETCATALOG_COMPILER_APPICON_NAME = AppIcon;
				CODE_SIGN_ENTITLEMENTS = qemui/qemui.entitlements;
				CODE_SIGN_STYLE = Automatic;
				COMBINE_HIDPI_IMAGES = YES;
				DEVELOPMENT_ASSET_PATHS = "\"qemui/Preview Content\"";
				ENABLE_PREVIEWS = YES;
				INFOPLIST_FILE = qemui/Info.plist;
				LD_RUNPATH_SEARCH_PATHS = (
					"$(inherited)",
					"@executable_path/../Frameworks",
				);
				MACOSX_DEPLOYMENT_TARGET = 10.15;
				PRODUCT_BUNDLE_IDENTIFIER = org.igorw.qemui;
				PRODUCT_NAME = "$(TARGET_NAME)";
				SWIFT_VERSION = 5.0;
			};
			name = Release;
		};
/* End XCBuildConfiguration section */

/* Begin XCConfigurationList section */
		447EA8DB244500BA0039D846 /* Build configuration list for PBXProject "qemui" */ = {
			isa = XCConfigurationList;
			buildConfigurations = (
				447EA8F1244500BC0039D846 /* Debug */,
				447EA8F2244500BC0039D846 /* Release */,
			);
			defaultConfigurationIsVisible = 0;
			defaultConfigurationName = Release;
		};
		447EA8F3244500BC0039D846 /* Build configuration list for PBXNativeTarget "qemui" */ = {
			isa = XCConfigurationList;
			buildConfigurations = (
				447EA8F4244500BC0039D846 /* Debug */,
				447EA8F5244500BC0039D846 /* Release */,
			);
			defaultConfigurationIsVisible = 0;
			defaultConfigurationName = Release;
		};
/* End XCConfigurationList section */
	};
	rootObject = 447EA8D8244500BA0039D846 /* Project object */;
}
